
Microsoft Visual Studio Solution File, Format Version 12.00
# Visual Studio Version 17
VisualStudioVersion = 17.4.32804.182
MinimumVisualStudioVersion = 10.0.40219.1
Project("{2150E333-8FDC-42A3-9474-1A3956D46DE8}") = "FunctionApps", "FunctionApps", "{93AA11AE-3028-40AD-931C-7634D5AB5A68}"
EndProject
Project("{FAE04EC0-301F-11D3-BF4B-00C04F79EFBC}") = "Umbrella.TeamsSynchronizer.Functions", "Umbrella.TeamsSynchronizer.Functions\Umbrella.TeamsSynchronizer.Functions.csproj", "{F1B4A102-08C4-41A1-B084-9A79A672C1E9}"
EndProject
Project("{2150E333-8FDC-42A3-9474-1A3956D46DE8}") = "Common", "Common", "{90DD726B-1ACF-49D4-8262-C59160C42679}"
EndProject
Project("{FAE04EC0-301F-11D3-BF4B-00C04F79EFBC}") = "Umbrella.TeamsSynchronizer", "Umbrella.TeamsSynchronizer\Umbrella.TeamsSynchronizer.csproj", "{9C3CC67E-351B-4A2F-939E-DF3F1EF17321}"
EndProject
Global
	GlobalSection(SolutionConfigurationPlatforms) = preSolution
		Debug|Any CPU = Debug|Any CPU
		Release|Any CPU = Release|Any CPU
	EndGlobalSection
	GlobalSection(ProjectConfigurationPlatforms) = postSolution
		{F1B4A102-08C4-41A1-B084-9A79A672C1E9}.Debug|Any CPU.ActiveCfg = Debug|Any CPU
		{F1B4A102-08C4-41A1-B084-9A79A672C1E9}.Debug|Any CPU.Build.0 = Debug|Any CPU
		{F1B4A102-08C4-41A1-B084-9A79A672C1E9}.Release|Any CPU.ActiveCfg = Release|Any CPU
		{F1B4A102-08C4-41A1-B084-9A79A672C1E9}.Release|Any CPU.Build.0 = Release|Any CPU
		{9C3CC67E-351B-4A2F-939E-DF3F1EF17321}.Debug|Any CPU.ActiveCfg = Debug|Any CPU
		{9C3CC67E-351B-4A2F-939E-DF3F1EF17321}.Debug|Any CPU.Build.0 = Debug|Any CPU
		{9C3CC67E-351B-4A2F-939E-DF3F1EF17321}.Release|Any CPU.ActiveCfg = Release|Any CPU
		{9C3CC67E-351B-4A2F-939E-DF3F1EF17321}.Release|Any CPU.Build.0 = Release|Any CPU
	EndGlobalSection
	GlobalSection(SolutionProperties) = preSolution
		HideSolutionNode = FALSE
	EndGlobalSection
	GlobalSection(NestedProjects) = preSolution
		{F1B4A102-08C4-41A1-B084-9A79A672C1E9} = {93AA11AE-3028-40AD-931C-7634D5AB5A68}
		{9C3CC67E-351B-4A2F-939E-DF3F1EF17321} = {90DD726B-1ACF-49D4-8262-C59160C42679}
	EndGlobalSection
	GlobalSection(ExtensibilityGlobals) = postSolution
		SolutionGuid = {AF41C4D3-E3AC-4802-AB64-9FDFE1060337}
	EndGlobalSection
EndGlobal
